
Microsoft Visual Studio Solution File, Format Version 12.00
# Visual Studio 15
VisualStudioVersion = 15.0.28307.757
MinimumVisualStudioVersion = 10.0.40219.1
Project("{8BC9CEB8-8B4A-11D0-8D11-00A0C91BC942}") = "xdModeling", "base2\xdModeling\xdModeling.vcxproj", "{E713F8BE-0913-4AE2-8904-CF0B4C6F1B04}"
EndProject
Project("{8BC9CEB8-8B4A-11D0-8D11-00A0C91BC942}") = "testProgram", "base2\testProgram\testProgram.vcxproj", "{B12702AD-ABFB-343A-A199-8E24837244A3}"
	ProjectSection(ProjectDependencies) = postProject
		{E713F8BE-0913-4AE2-8904-CF0B4C6F1B04} = {E713F8BE-0913-4AE2-8904-CF0B4C6F1B04}
	EndProjectSection
EndProject
Global
	GlobalSection(SolutionConfigurationPlatforms) = preSolution
		Debug DLL|ARM = Debug DLL|ARM
		Debug DLL|x64 = Debug DLL|x64
		Debug DLL|x86 = Debug DLL|x86
		Debug Static|ARM = Debug Static|ARM
		Debug Static|x64 = Debug Static|x64
		Debug Static|x86 = Debug Static|x86
		Debug_OCC|ARM = Debug_OCC|ARM
		Debug_OCC|x64 = Debug_OCC|x64
		Debug_OCC|x86 = Debug_OCC|x86
		Debug|ARM = Debug|ARM
		Debug|x64 = Debug|x64
		Debug|x86 = Debug|x86
		Release DLL|ARM = Release DLL|ARM
		Release DLL|x64 = Release DLL|x64
		Release DLL|x86 = Release DLL|x86
		Release Static|ARM = Release Static|ARM
		Release Static|x64 = Release Static|x64
		Release Static|x86 = Release Static|x86
		Release|ARM = Release|ARM
		Release|x64 = Release|x64
		Release|x86 = Release|x86
		ReleaseConsole|ARM = ReleaseConsole|ARM
		ReleaseConsole|x64 = ReleaseConsole|x64
		ReleaseConsole|x86 = ReleaseConsole|x86
	EndGlobalSection
	GlobalSection(ProjectConfigurationPlatforms) = postSolution
		{E713F8BE-0913-4AE2-8904-CF0B4C6F1B04}.Debug DLL|ARM.ActiveCfg = Release|x64
		{E713F8BE-0913-4AE2-8904-CF0B4C6F1B04}.Debug DLL|ARM.Build.0 = Release|x64
		{E713F8BE-0913-4AE2-8904-CF0B4C6F1B04}.Debug DLL|x64.ActiveCfg = Debug|x64
		{E713F8BE-0913-4AE2-8904-CF0B4C6F1B04}.Debug DLL|x64.Build.0 = Debug|x64
		{E713F8BE-0913-4AE2-8904-CF0B4C6F1B04}.Debug DLL|x86.ActiveCfg = Debug|Win32
		{E713F8BE-0913-4AE2-8904-CF0B4C6F1B04}.Debug DLL|x86.Build.0 = Debug|Win32
		{E713F8BE-0913-4AE2-8904-CF0B4C6F1B04}.Debug Static|ARM.ActiveCfg = Release|x64
		{E713F8BE-0913-4AE2-8904-CF0B4C6F1B04}.Debug Static|ARM.Build.0 = Release|x64
		{E713F8BE-0913-4AE2-8904-CF0B4C6F1B04}.Debug Static|x64.ActiveCfg = Debug|x64
		{E713F8BE-0913-4AE2-8904-CF0B4C6F1B04}.Debug Static|x64.Build.0 = Debug|x64
		{E713F8BE-0913-4AE2-8904-CF0B4C6F1B04}.Debug Static|x86.ActiveCfg = Debug|Win32
		{E713F8BE-0913-4AE2-8904-CF0B4C6F1B04}.Debug Static|x86.Build.0 = Debug|Win32
		{E713F8BE-0913-4AE2-8904-CF0B4C6F1B04}.Debug_OCC|ARM.ActiveCfg = Debug_OCC|x64
		{E713F8BE-0913-4AE2-8904-CF0B4C6F1B04}.Debug_OCC|ARM.Build.0 = Debug_OCC|x64
		{E713F8BE-0913-4AE2-8904-CF0B4C6F1B04}.Debug_OCC|x64.ActiveCfg = Debug_OCC|x64
		{E713F8BE-0913-4AE2-8904-CF0B4C6F1B04}.Debug_OCC|x64.Build.0 = Debug_OCC|x64
		{E713F8BE-0913-4AE2-8904-CF0B4C6F1B04}.Debug_OCC|x86.ActiveCfg = Debug|Win32
		{E713F8BE-0913-4AE2-8904-CF0B4C6F1B04}.Debug_OCC|x86.Build.0 = Debug|Win32
		{E713F8BE-0913-4AE2-8904-CF0B4C6F1B04}.Debug|ARM.ActiveCfg = Debug|Win32
		{E713F8BE-0913-4AE2-8904-CF0B4C6F1B04}.Debug|x64.ActiveCfg = Debug|x64
		{E713F8BE-0913-4AE2-8904-CF0B4C6F1B04}.Debug|x64.Build.0 = Debug|x64
		{E713F8BE-0913-4AE2-8904-CF0B4C6F1B04}.Debug|x86.ActiveCfg = Debug|Win32
		{E713F8BE-0913-4AE2-8904-CF0B4C6F1B04}.Debug|x86.Build.0 = Debug|Win32
		{E713F8BE-0913-4AE2-8904-CF0B4C6F1B04}.Release DLL|ARM.ActiveCfg = Release|x64
		{E713F8BE-0913-4AE2-8904-CF0B4C6F1B04}.Release DLL|ARM.Build.0 = Release|x64
		{E713F8BE-0913-4AE2-8904-CF0B4C6F1B04}.Release DLL|x64.ActiveCfg = Release|x64
		{E713F8BE-0913-4AE2-8904-CF0B4C6F1B04}.Release DLL|x64.Build.0 = Release|x64
		{E713F8BE-0913-4AE2-8904-CF0B4C6F1B04}.Release DLL|x86.ActiveCfg = Release|Win32
		{E713F8BE-0913-4AE2-8904-CF0B4C6F1B04}.Release DLL|x86.Build.0 = Release|Win32
		{E713F8BE-0913-4AE2-8904-CF0B4C6F1B04}.Release Static|ARM.ActiveCfg = Release|x64
		{E713F8BE-0913-4AE2-8904-CF0B4C6F1B04}.Release Static|ARM.Build.0 = Release|x64
		{E713F8BE-0913-4AE2-8904-CF0B4C6F1B04}.Release Static|x64.ActiveCfg = Release|x64
		{E713F8BE-0913-4AE2-8904-CF0B4C6F1B04}.Release Static|x64.Build.0 = Release|x64
		{E713F8BE-0913-4AE2-8904-CF0B4C6F1B04}.Release Static|x86.ActiveCfg = Release|Win32
		{E713F8BE-0913-4AE2-8904-CF0B4C6F1B04}.Release Static|x86.Build.0 = Release|Win32
		{E713F8BE-0913-4AE2-8904-CF0B4C6F1B04}.Release|ARM.ActiveCfg = Release|Win32
		{E713F8BE-0913-4AE2-8904-CF0B4C6F1B04}.Release|x64.ActiveCfg = Release|x64
		{E713F8BE-0913-4AE2-8904-CF0B4C6F1B04}.Release|x64.Build.0 = Release|x64
		{E713F8BE-0913-4AE2-8904-CF0B4C6F1B04}.Release|x86.ActiveCfg = Release|Win32
		{E713F8BE-0913-4AE2-8904-CF0B4C6F1B04}.Release|x86.Build.0 = Release|Win32
		{E713F8BE-0913-4AE2-8904-CF0B4C6F1B04}.ReleaseConsole|ARM.ActiveCfg = Release|x64
		{E713F8BE-0913-4AE2-8904-CF0B4C6F1B04}.ReleaseConsole|ARM.Build.0 = Release|x64
		{E713F8BE-0913-4AE2-8904-CF0B4C6F1B04}.ReleaseConsole|x64.ActiveCfg = Release|x64
		{E713F8BE-0913-4AE2-8904-CF0B4C6F1B04}.ReleaseConsole|x64.Build.0 = Release|x64
		{E713F8BE-0913-4AE2-8904-CF0B4C6F1B04}.ReleaseConsole|x86.ActiveCfg = Release|Win32
		{E713F8BE-0913-4AE2-8904-CF0B4C6F1B04}.ReleaseConsole|x86.Build.0 = Release|Win32
		{B12702AD-ABFB-343A-A199-8E24837244A3}.Debug DLL|ARM.ActiveCfg = Release|x64
		{B12702AD-ABFB-343A-A199-8E24837244A3}.Debug DLL|ARM.Build.0 = Release|x64
		{B12702AD-ABFB-343A-A199-8E24837244A3}.Debug DLL|x64.ActiveCfg = Debug|x64
		{B12702AD-ABFB-343A-A199-8E24837244A3}.Debug DLL|x64.Build.0 = Debug|x64
		{B12702AD-ABFB-343A-A199-8E24837244A3}.Debug DLL|x86.ActiveCfg = Debug|Win32
		{B12702AD-ABFB-343A-A199-8E24837244A3}.Debug DLL|x86.Build.0 = Debug|Win32
		{B12702AD-ABFB-343A-A199-8E24837244A3}.Debug Static|ARM.ActiveCfg = Release|x64
		{B12702AD-ABFB-343A-A199-8E24837244A3}.Debug Static|ARM.Build.0 = Release|x64
		{B12702AD-ABFB-343A-A199-8E24837244A3}.Debug Static|x64.ActiveCfg = Debug|x64
		{B12702AD-ABFB-343A-A199-8E24837244A3}.Debug Static|x64.Build.0 = Debug|x64
		{B12702AD-ABFB-343A-A199-8E24837244A3}.Debug Static|x86.ActiveCfg = Debug|Win32
		{B12702AD-ABFB-343A-A199-8E24837244A3}.Debug Static|x86.Build.0 = Debug|Win32
		{B12702AD-ABFB-343A-A199-8E24837244A3}.Debug_OCC|ARM.ActiveCfg = Release|x64
		{B12702AD-ABFB-343A-A199-8E24837244A3}.Debug_OCC|ARM.Build.0 = Release|x64
		{B12702AD-ABFB-343A-A199-8E24837244A3}.Debug_OCC|x64.ActiveCfg = Debug|x64
		{B12702AD-ABFB-343A-A199-8E24837244A3}.Debug_OCC|x64.Build.0 = Debug|x64
		{B12702AD-ABFB-343A-A199-8E24837244A3}.Debug_OCC|x86.ActiveCfg = Debug|Win32
		{B12702AD-ABFB-343A-A199-8E24837244A3}.Debug_OCC|x86.Build.0 = Debug|Win32
		{B12702AD-ABFB-343A-A199-8E24837244A3}.Debug|ARM.ActiveCfg = Debug|Win32
		{B12702AD-ABFB-343A-A199-8E24837244A3}.Debug|x64.ActiveCfg = Debug|x64
		{B12702AD-ABFB-343A-A199-8E24837244A3}.Debug|x64.Build.0 = Debug|x64
		{B12702AD-ABFB-343A-A199-8E24837244A3}.Debug|x86.ActiveCfg = Debug|Win32
		{B12702AD-ABFB-343A-A199-8E24837244A3}.Debug|x86.Build.0 = Debug|Win32
		{B12702AD-ABFB-343A-A199-8E24837244A3}.Release DLL|ARM.ActiveCfg = Release|x64
		{B12702AD-ABFB-343A-A199-8E24837244A3}.Release DLL|ARM.Build.0 = Release|x64
		{B12702AD-ABFB-343A-A199-8E24837244A3}.Release DLL|x64.ActiveCfg = Release|x64
		{B12702AD-ABFB-343A-A199-8E24837244A3}.Release DLL|x64.Build.0 = Release|x64
		{B12702AD-ABFB-343A-A199-8E24837244A3}.Release DLL|x86.ActiveCfg = Release|Win32
		{B12702AD-ABFB-343A-A199-8E24837244A3}.Release DLL|x86.Build.0 = Release|Win32
		{B12702AD-ABFB-343A-A199-8E24837244A3}.Release Static|ARM.ActiveCfg = Release|x64
		{B12702AD-ABFB-343A-A199-8E24837244A3}.Release Static|ARM.Build.0 = Release|x64
		{B12702AD-ABFB-343A-A199-8E24837244A3}.Release Static|x64.ActiveCfg = Release|x64
		{B12702AD-ABFB-343A-A199-8E24837244A3}.Release Static|x64.Build.0 = Release|x64
		{B12702AD-ABFB-343A-A199-8E24837244A3}.Release Static|x86.ActiveCfg = Release|Win32
		{B12702AD-ABFB-343A-A199-8E24837244A3}.Release Static|x86.Build.0 = Release|Win32
		{B12702AD-ABFB-343A-A199-8E24837244A3}.Release|ARM.ActiveCfg = Release|Win32
		{B12702AD-ABFB-343A-A199-8E24837244A3}.Release|x64.ActiveCfg = Release|x64
		{B12702AD-ABFB-343A-A199-8E24837244A3}.Release|x64.Build.0 = Release|x64
		{B12702AD-ABFB-343A-A199-8E24837244A3}.Release|x86.ActiveCfg = Release|Win32
		{B12702AD-ABFB-343A-A199-8E24837244A3}.Release|x86.Build.0 = Release|Win32
		{B12702AD-ABFB-343A-A199-8E24837244A3}.ReleaseConsole|ARM.ActiveCfg = Release|x64
		{B12702AD-ABFB-343A-A199-8E24837244A3}.ReleaseConsole|ARM.Build.0 = Release|x64
		{B12702AD-ABFB-343A-A199-8E24837244A3}.ReleaseConsole|x64.ActiveCfg = Release|x64
		{B12702AD-ABFB-343A-A199-8E24837244A3}.ReleaseConsole|x64.Build.0 = Release|x64
		{B12702AD-ABFB-343A-A199-8E24837244A3}.ReleaseConsole|x86.ActiveCfg = Release|Win32
		{B12702AD-ABFB-343A-A199-8E24837244A3}.ReleaseConsole|x86.Build.0 = Release|Win32
	EndGlobalSection
	GlobalSection(SolutionProperties) = preSolution
		HideSolutionNode = FALSE
	EndGlobalSection
	GlobalSection(ExtensibilityGlobals) = postSolution
		SolutionGuid = {49AAFB81-59EB-4364-8116-615952548676}
		VisualSVNWorkingCopyRoot = .
		Qt5Version = qt5.12.7_msvc2017
	EndGlobalSection
EndGlobal
